
Microsoft Visual Studio Solution File, Format Version 12.00
# Visual Studio 16
VisualStudioVersion = 16.0.29709.97
MinimumVisualStudioVersion = 10.0.40219.1
Project("{FAE04EC0-301F-11D3-BF4B-00C04F79EFBC}") = "LAB3", "LAB3\LAB3.csproj", "{10334030-FF90-46CB-8424-E46887A5FA22}"
EndProject
Global
	GlobalSection(SolutionConfigurationPlatforms) = preSolution
		Debug|Any CPU = Debug|Any CPU
		Release|Any CPU = Release|Any CPU
	EndGlobalSection
	GlobalSection(ProjectConfigurationPlatforms) = postSolution
		{10334030-FF90-46CB-8424-E46887A5FA22}.Debug|Any CPU.ActiveCfg = Debug|Any CPU
		{10334030-FF90-46CB-8424-E46887A5FA22}.Debug|Any CPU.Build.0 = Debug|Any CPU
		{10334030-FF90-46CB-8424-E46887A5FA22}.Release|Any CPU.ActiveCfg = Release|Any CPU
		{10334030-FF90-46CB-8424-E46887A5FA22}.Release|Any CPU.Build.0 = Release|Any CPU
	EndGlobalSection
	GlobalSection(SolutionProperties) = preSolution
		HideSolutionNode = FALSE
	EndGlobalSection
	GlobalSection(ExtensibilityGlobals) = postSolution
		SolutionGuid = {CB2BD8C2-E7B8-43F0-B307-6CFA50D64803}
	EndGlobalSection
EndGlobal
